
Microsoft Visual Studio Solution File, Format Version 12.00
# Visual Studio Version 16
VisualStudioVersion = 16.0.31129.286
MinimumVisualStudioVersion = 10.0.40219.1
Project("{159641D6-6404-4A2A-AE62-294DE0FE8301}") = "Air_Tickets_Booking_DW_SSIS", "Air_Tickets_Booking_DW_SSIS.dtproj", "{9F3ED2F9-4861-402B-ACF3-61AA33505F14}"
EndProject
Global
	GlobalSection(SolutionConfigurationPlatforms) = preSolution
		Development|Default = Development|Default
	EndGlobalSection
	GlobalSection(ProjectConfigurationPlatforms) = postSolution
		{9F3ED2F9-4861-402B-ACF3-61AA33505F14}.Development|Default.ActiveCfg = Development
		{9F3ED2F9-4861-402B-ACF3-61AA33505F14}.Development|Default.Build.0 = Development
	EndGlobalSection
	GlobalSection(SolutionProperties) = preSolution
		HideSolutionNode = FALSE
	EndGlobalSection
	GlobalSection(ExtensibilityGlobals) = postSolution
		SolutionGuid = {C3371879-0F82-4E17-AF53-E7BC55D4CCCC}
	EndGlobalSection
EndGlobal
